// !$*UTF8*$!
{
	archiveVersion = 1;
	classes = {
	};
	objectVersion = 56;
	objects = {

/* Begin PBXBuildFile section */
		7F2FBBCA2B6483300044F214 /* AppDelegate.swift in Sources */ = {isa = PBXBuildFile; fileRef = 7F2FBBC92B6483300044F214 /* AppDelegate.swift */; };
		7F2FBBCC2B6483300044F214 /* SceneDelegate.swift in Sources */ = {isa = PBXBuildFile; fileRef = 7F2FBBCB2B6483300044F214 /* SceneDelegate.swift */; };
		7F2FBBCE2B6483300044F214 /* PokedexViewController.swift in Sources */ = {isa = PBXBuildFile; fileRef = 7F2FBBCD2B6483300044F214 /* PokedexViewController.swift */; };
		7F2FBBD32B6483320044F214 /* Assets.xcassets in Resources */ = {isa = PBXBuildFile; fileRef = 7F2FBBD22B6483320044F214 /* Assets.xcassets */; };
		7F2FBBD62B6483320044F214 /* LaunchScreen.storyboard in Resources */ = {isa = PBXBuildFile; fileRef = 7F2FBBD42B6483320044F214 /* LaunchScreen.storyboard */; };
		7F2FBBDF2B64840A0044F214 /* UIView+Extension.swift in Sources */ = {isa = PBXBuildFile; fileRef = 7F2FBBDE2B64840A0044F214 /* UIView+Extension.swift */; };
		7F2FBBE62B6485F70044F214 /* CombineMoya in Frameworks */ = {isa = PBXBuildFile; productRef = 7F2FBBE52B6485F70044F214 /* CombineMoya */; };
		7F2FBBE82B6485F70044F214 /* Moya in Frameworks */ = {isa = PBXBuildFile; productRef = 7F2FBBE72B6485F70044F214 /* Moya */; };
		7F2FBBEA2B6485F70044F214 /* ReactiveMoya in Frameworks */ = {isa = PBXBuildFile; productRef = 7F2FBBE92B6485F70044F214 /* ReactiveMoya */; };
		7F2FBBEC2B6485F70044F214 /* RxMoya in Frameworks */ = {isa = PBXBuildFile; productRef = 7F2FBBEB2B6485F70044F214 /* RxMoya */; };
		7F2FBBEE2B64860C0044F214 /* NetworkManagerService.swift in Sources */ = {isa = PBXBuildFile; fileRef = 7F2FBBED2B64860C0044F214 /* NetworkManagerService.swift */; };
		7F2FBBF02B6486C30044F214 /* NetworkRouter.swift in Sources */ = {isa = PBXBuildFile; fileRef = 7F2FBBEF2B6486C30044F214 /* NetworkRouter.swift */; };
		7F2FBBF22B6487760044F214 /* Network+RequesExtension.swift in Sources */ = {isa = PBXBuildFile; fileRef = 7F2FBBF12B6487760044F214 /* Network+RequesExtension.swift */; };
		7F2FBBF52B64BBB70044F214 /* Kingfisher in Frameworks */ = {isa = PBXBuildFile; productRef = 7F2FBBF42B64BBB70044F214 /* Kingfisher */; };
		7F2FBBF72B64DB890044F214 /* UILabel+Extension.swift in Sources */ = {isa = PBXBuildFile; fileRef = 7F2FBBF62B64DB890044F214 /* UILabel+Extension.swift */; };
		7F2FBBF92B64EAF80044F214 /* PokemonInfoModel.swift in Sources */ = {isa = PBXBuildFile; fileRef = 7F2FBBF82B64EAF80044F214 /* PokemonInfoModel.swift */; };
		7F2FBBFB2B65D7720044F214 /* UIButton+Extension.swift in Sources */ = {isa = PBXBuildFile; fileRef = 7F2FBBFA2B65D7720044F214 /* UIButton+Extension.swift */; };
/* End PBXBuildFile section */

/* Begin PBXFileReference section */
		7F2FBBC62B6483300044F214 /* Pokedex.app */ = {isa = PBXFileReference; explicitFileType = wrapper.application; includeInIndex = 0; path = Pokedex.app; sourceTree = BUILT_PRODUCTS_DIR; };
		7F2FBBC92B6483300044F214 /* AppDelegate.swift */ = {isa = PBXFileReference; lastKnownFileType = sourcecode.swift; path = AppDelegate.swift; sourceTree = "<group>"; };
		7F2FBBCB2B6483300044F214 /* SceneDelegate.swift */ = {isa = PBXFileReference; lastKnownFileType = sourcecode.swift; path = SceneDelegate.swift; sourceTree = "<group>"; };
		7F2FBBCD2B6483300044F214 /* PokedexViewController.swift */ = {isa = PBXFileReference; lastKnownFileType = sourcecode.swift; path = PokedexViewController.swift; sourceTree = "<group>"; };
		7F2FBBD22B6483320044F214 /* Assets.xcassets */ = {isa = PBXFileReference; lastKnownFileType = folder.assetcatalog; path = Assets.xcassets; sourceTree = "<group>"; };
		7F2FBBD52B6483320044F214 /* Base */ = {isa = PBXFileReference; lastKnownFileType = file.storyboard; name = Base; path = Base.lproj/LaunchScreen.storyboard; sourceTree = "<group>"; };
		7F2FBBD72B6483320044F214 /* Info.plist */ = {isa = PBXFileReference; lastKnownFileType = text.plist.xml; path = Info.plist; sourceTree = "<group>"; };
		7F2FBBDE2B64840A0044F214 /* UIView+Extension.swift */ = {isa = PBXFileReference; lastKnownFileType = sourcecode.swift; path = "UIView+Extension.swift"; sourceTree = "<group>"; };
		7F2FBBED2B64860C0044F214 /* NetworkManagerService.swift */ = {isa = PBXFileReference; lastKnownFileType = sourcecode.swift; path = NetworkManagerService.swift; sourceTree = "<group>"; };
		7F2FBBEF2B6486C30044F214 /* NetworkRouter.swift */ = {isa = PBXFileReference; lastKnownFileType = sourcecode.swift; path = NetworkRouter.swift; sourceTree = "<group>"; };
		7F2FBBF12B6487760044F214 /* Network+RequesExtension.swift */ = {isa = PBXFileReference; lastKnownFileType = sourcecode.swift; path = "Network+RequesExtension.swift"; sourceTree = "<group>"; };
		7F2FBBF62B64DB890044F214 /* UILabel+Extension.swift */ = {isa = PBXFileReference; lastKnownFileType = sourcecode.swift; path = "UILabel+Extension.swift"; sourceTree = "<group>"; };
		7F2FBBF82B64EAF80044F214 /* PokemonInfoModel.swift */ = {isa = PBXFileReference; lastKnownFileType = sourcecode.swift; path = PokemonInfoModel.swift; sourceTree = "<group>"; };
		7F2FBBFA2B65D7720044F214 /* UIButton+Extension.swift */ = {isa = PBXFileReference; lastKnownFileType = sourcecode.swift; path = "UIButton+Extension.swift"; sourceTree = "<group>"; };
/* End PBXFileReference section */

/* Begin PBXFrameworksBuildPhase section */
		7F2FBBC32B6483300044F214 /* Frameworks */ = {
			isa = PBXFrameworksBuildPhase;
			buildActionMask = 2147483647;
			files = (
				7F2FBBE82B6485F70044F214 /* Moya in Frameworks */,
				7F2FBBE62B6485F70044F214 /* CombineMoya in Frameworks */,
				7F2FBBEC2B6485F70044F214 /* RxMoya in Frameworks */,
				7F2FBBEA2B6485F70044F214 /* ReactiveMoya in Frameworks */,
				7F2FBBF52B64BBB70044F214 /* Kingfisher in Frameworks */,
			);
			runOnlyForDeploymentPostprocessing = 0;
		};
/* End PBXFrameworksBuildPhase section */

/* Begin PBXGroup section */
		7F2FBBBD2B6483300044F214 = {
			isa = PBXGroup;
			children = (
				7F2FBBC82B6483300044F214 /* Pokedex */,
				7F2FBBC72B6483300044F214 /* Products */,
			);
			sourceTree = "<group>";
		};
		7F2FBBC72B6483300044F214 /* Products */ = {
			isa = PBXGroup;
			children = (
				7F2FBBC62B6483300044F214 /* Pokedex.app */,
			);
			name = Products;
			sourceTree = "<group>";
		};
		7F2FBBC82B6483300044F214 /* Pokedex */ = {
			isa = PBXGroup;
			children = (
				7F2FBBDD2B6483FB0044F214 /* Extensions */,
				7F2FBBE32B6485C30044F214 /* Network */,
				7F2FBBE02B6485000044F214 /* Models */,
				7F2FBBCD2B6483300044F214 /* PokedexViewController.swift */,
				7F2FBBC92B6483300044F214 /* AppDelegate.swift */,
				7F2FBBCB2B6483300044F214 /* SceneDelegate.swift */,
				7F2FBBD22B6483320044F214 /* Assets.xcassets */,
				7F2FBBD42B6483320044F214 /* LaunchScreen.storyboard */,
				7F2FBBD72B6483320044F214 /* Info.plist */,
			);
			path = Pokedex;
			sourceTree = "<group>";
		};
		7F2FBBDD2B6483FB0044F214 /* Extensions */ = {
			isa = PBXGroup;
			children = (
				7F2FBBDE2B64840A0044F214 /* UIView+Extension.swift */,
				7F2FBBF62B64DB890044F214 /* UILabel+Extension.swift */,
				7F2FBBFA2B65D7720044F214 /* UIButton+Extension.swift */,
			);
			path = Extensions;
			sourceTree = "<group>";
		};
		7F2FBBE02B6485000044F214 /* Models */ = {
			isa = PBXGroup;
			children = (
				7F2FBBF82B64EAF80044F214 /* PokemonInfoModel.swift */,
			);
			path = Models;
			sourceTree = "<group>";
		};
		7F2FBBE32B6485C30044F214 /* Network */ = {
			isa = PBXGroup;
			children = (
				7F2FBBED2B64860C0044F214 /* NetworkManagerService.swift */,
				7F2FBBEF2B6486C30044F214 /* NetworkRouter.swift */,
				7F2FBBF12B6487760044F214 /* Network+RequesExtension.swift */,
			);
			path = Network;
			sourceTree = "<group>";
		};
/* End PBXGroup section */

/* Begin PBXNativeTarget section */
		7F2FBBC52B6483300044F214 /* Pokedex */ = {
			isa = PBXNativeTarget;
			buildConfigurationList = 7F2FBBDA2B6483320044F214 /* Build configuration list for PBXNativeTarget "Pokedex" */;
			buildPhases = (
				7F2FBBC22B6483300044F214 /* Sources */,
				7F2FBBC32B6483300044F214 /* Frameworks */,
				7F2FBBC42B6483300044F214 /* Resources */,
			);
			buildRules = (
			);
			dependencies = (
			);
			name = Pokedex;
			packageProductDependencies = (
				7F2FBBE52B6485F70044F214 /* CombineMoya */,
				7F2FBBE72B6485F70044F214 /* Moya */,
				7F2FBBE92B6485F70044F214 /* ReactiveMoya */,
				7F2FBBEB2B6485F70044F214 /* RxMoya */,
				7F2FBBF42B64BBB70044F214 /* Kingfisher */,
			);
			productName = Pokedex;
			productReference = 7F2FBBC62B6483300044F214 /* Pokedex.app */;
			productType = "com.apple.product-type.application";
		};
/* End PBXNativeTarget section */

/* Begin PBXProject section */
		7F2FBBBE2B6483300044F214 /* Project object */ = {
			isa = PBXProject;
			attributes = {
				BuildIndependentTargetsInParallel = 1;
				LastSwiftUpdateCheck = 1500;
				LastUpgradeCheck = 1500;
				TargetAttributes = {
					7F2FBBC52B6483300044F214 = {
						CreatedOnToolsVersion = 15.0;
					};
				};
			};
			buildConfigurationList = 7F2FBBC12B6483300044F214 /* Build configuration list for PBXProject "Pokedex" */;
			compatibilityVersion = "Xcode 14.0";
			developmentRegion = en;
			hasScannedForEncodings = 0;
			knownRegions = (
				en,
				Base,
			);
			mainGroup = 7F2FBBBD2B6483300044F214;
			packageReferences = (
				7F2FBBE42B6485F70044F214 /* XCRemoteSwiftPackageReference "Moya" */,
				7F2FBBF32B64BBB70044F214 /* XCRemoteSwiftPackageReference "Kingfisher" */,
			);
			productRefGroup = 7F2FBBC72B6483300044F214 /* Products */;
			projectDirPath = "";
			projectRoot = "";
			targets = (
				7F2FBBC52B6483300044F214 /* Pokedex */,
			);
		};
/* End PBXProject section */

/* Begin PBXResourcesBuildPhase section */
		7F2FBBC42B6483300044F214 /* Resources */ = {
			isa = PBXResourcesBuildPhase;
			buildActionMask = 2147483647;
			files = (
				7F2FBBD62B6483320044F214 /* LaunchScreen.storyboard in Resources */,
				7F2FBBD32B6483320044F214 /* Assets.xcassets in Resources */,
			);
			runOnlyForDeploymentPostprocessing = 0;
		};
/* End PBXResourcesBuildPhase section */

/* Begin PBXSourcesBuildPhase section */
		7F2FBBC22B6483300044F214 /* Sources */ = {
			isa = PBXSourcesBuildPhase;
			buildActionMask = 2147483647;
			files = (
				7F2FBBCE2B6483300044F214 /* PokedexViewController.swift in Sources */,
				7F2FBBF92B64EAF80044F214 /* PokemonInfoModel.swift in Sources */,
				7F2FBBCA2B6483300044F214 /* AppDelegate.swift in Sources */,
				7F2FBBFB2B65D7720044F214 /* UIButton+Extension.swift in Sources */,
				7F2FBBDF2B64840A0044F214 /* UIView+Extension.swift in Sources */,
				7F2FBBEE2B64860C0044F214 /* NetworkManagerService.swift in Sources */,
				7F2FBBCC2B6483300044F214 /* SceneDelegate.swift in Sources */,
				7F2FBBF02B6486C30044F214 /* NetworkRouter.swift in Sources */,
				7F2FBBF72B64DB890044F214 /* UILabel+Extension.swift in Sources */,
				7F2FBBF22B6487760044F214 /* Network+RequesExtension.swift in Sources */,
			);
			runOnlyForDeploymentPostprocessing = 0;
		};
/* End PBXSourcesBuildPhase section */

/* Begin PBXVariantGroup section */
		7F2FBBD42B6483320044F214 /* LaunchScreen.storyboard */ = {
			isa = PBXVariantGroup;
			children = (
				7F2FBBD52B6483320044F214 /* Base */,
			);
			name = LaunchScreen.storyboard;
			sourceTree = "<group>";
		};
/* End PBXVariantGroup section */

/* Begin XCBuildConfiguration section */
		7F2FBBD82B6483320044F214 /* Debug */ = {
			isa = XCBuildConfiguration;
			buildSettings = {
				ALWAYS_SEARCH_USER_PATHS = NO;
				ASSETCATALOG_COMPILER_GENERATE_SWIFT_ASSET_SYMBOL_EXTENSIONS = YES;
				CLANG_ANALYZER_NONNULL = YES;
				CLANG_ANALYZER_NUMBER_OBJECT_CONVERSION = YES_AGGRESSIVE;
				CLANG_CXX_LANGUAGE_STANDARD = "gnu++20";
				CLANG_ENABLE_MODULES = YES;
				CLANG_ENABLE_OBJC_ARC = YES;
				CLANG_ENABLE_OBJC_WEAK = YES;
				CLANG_WARN_BLOCK_CAPTURE_AUTORELEASING = YES;
				CLANG_WARN_BOOL_CONVERSION = YES;
				CLANG_WARN_COMMA = YES;
				CLANG_WARN_CONSTANT_CONVERSION = YES;
				CLANG_WARN_DEPRECATED_OBJC_IMPLEMENTATIONS = YES;
				CLANG_WARN_DIRECT_OBJC_ISA_USAGE = YES_ERROR;
				CLANG_WARN_DOCUMENTATION_COMMENTS = YES;
				CLANG_WARN_EMPTY_BODY = YES;
				CLANG_WARN_ENUM_CONVERSION = YES;
				CLANG_WARN_INFINITE_RECURSION = YES;
				CLANG_WARN_INT_CONVERSION = YES;
				CLANG_WARN_NON_LITERAL_NULL_CONVERSION = YES;
				CLANG_WARN_OBJC_IMPLICIT_RETAIN_SELF = YES;
				CLANG_WARN_OBJC_LITERAL_CONVERSION = YES;
				CLANG_WARN_OBJC_ROOT_CLASS = YES_ERROR;
				CLANG_WARN_QUOTED_INCLUDE_IN_FRAMEWORK_HEADER = YES;
				CLANG_WARN_RANGE_LOOP_ANALYSIS = YES;
				CLANG_WARN_STRICT_PROTOTYPES = YES;
				CLANG_WARN_SUSPICIOUS_MOVE = YES;
				CLANG_WARN_UNGUARDED_AVAILABILITY = YES_AGGRESSIVE;
				CLANG_WARN_UNREACHABLE_CODE = YES;
				CLANG_WARN__DUPLICATE_METHOD_MATCH = YES;
				COPY_PHASE_STRIP = NO;
				DEBUG_INFORMATION_FORMAT = dwarf;
				ENABLE_STRICT_OBJC_MSGSEND = YES;
				ENABLE_TESTABILITY = YES;
				ENABLE_USER_SCRIPT_SANDBOXING = YES;
				GCC_C_LANGUAGE_STANDARD = gnu17;
				GCC_DYNAMIC_NO_PIC = NO;
				GCC_NO_COMMON_BLOCKS = YES;
				GCC_OPTIMIZATION_LEVEL = 0;
				GCC_PREPROCESSOR_DEFINITIONS = (
					"DEBUG=1",
					"$(inherited)",
				);
				GCC_WARN_64_TO_32_BIT_CONVERSION = YES;
				GCC_WARN_ABOUT_RETURN_TYPE = YES_ERROR;
				GCC_WARN_UNDECLARED_SELECTOR = YES;
				GCC_WARN_UNINITIALIZED_AUTOS = YES_AGGRESSIVE;
				GCC_WARN_UNUSED_FUNCTION = YES;
				GCC_WARN_UNUSED_VARIABLE = YES;
				IPHONEOS_DEPLOYMENT_TARGET = 17.0;
				LOCALIZATION_PREFERS_STRING_CATALOGS = YES;
				MTL_ENABLE_DEBUG_INFO = INCLUDE_SOURCE;
				MTL_FAST_MATH = YES;
				ONLY_ACTIVE_ARCH = YES;
				SDKROOT = iphoneos;
				SWIFT_ACTIVE_COMPILATION_CONDITIONS = "DEBUG $(inherited)";
				SWIFT_OPTIMIZATION_LEVEL = "-Onone";
			};
			name = Debug;
		};
		7F2FBBD92B6483320044F214 /* Release */ = {
			isa = XCBuildConfiguration;
			buildSettings = {
				ALWAYS_SEARCH_USER_PATHS = NO;
				ASSETCATALOG_COMPILER_GENERATE_SWIFT_ASSET_SYMBOL_EXTENSIONS = YES;
				CLANG_ANALYZER_NONNULL = YES;
				CLANG_ANALYZER_NUMBER_OBJECT_CONVERSION = YES_AGGRESSIVE;
				CLANG_CXX_LANGUAGE_STANDARD = "gnu++20";
				CLANG_ENABLE_MODULES = YES;
				CLANG_ENABLE_OBJC_ARC = YES;
				CLANG_ENABLE_OBJC_WEAK = YES;
				CLANG_WARN_BLOCK_CAPTURE_AUTORELEASING = YES;
				CLANG_WARN_BOOL_CONVERSION = YES;
				CLANG_WARN_COMMA = YES;
				CLANG_WARN_CONSTANT_CONVERSION = YES;
				CLANG_WARN_DEPRECATED_OBJC_IMPLEMENTATIONS = YES;
				CLANG_WARN_DIRECT_OBJC_ISA_USAGE = YES_ERROR;
				CLANG_WARN_DOCUMENTATION_COMMENTS = YES;
				CLANG_WARN_EMPTY_BODY = YES;
				CLANG_WARN_ENUM_CONVERSION = YES;
				CLANG_WARN_INFINITE_RECURSION = YES;
				CLANG_WARN_INT_CONVERSION = YES;
				CLANG_WARN_NON_LITERAL_NULL_CONVERSION = YES;
				CLANG_WARN_OBJC_IMPLICIT_RETAIN_SELF = YES;
				CLANG_WARN_OBJC_LITERAL_CONVERSION = YES;
				CLANG_WARN_OBJC_ROOT_CLASS = YES_ERROR;
				CLANG_WARN_QUOTED_INCLUDE_IN_FRAMEWORK_HEADER = YES;
				CLANG_WARN_RANGE_LOOP_ANALYSIS = YES;
				CLANG_WARN_STRICT_PROTOTYPES = YES;
				CLANG_WARN_SUSPICIOUS_MOVE = YES;
				CLANG_WARN_UNGUARDED_AVAILABILITY = YES_AGGRESSIVE;
				CLANG_WARN_UNREACHABLE_CODE = YES;
				CLANG_WARN__DUPLICATE_METHOD_MATCH = YES;
				COPY_PHASE_STRIP = NO;
				DEBUG_INFORMATION_FORMAT = "dwarf-with-dsym";
				ENABLE_NS_ASSERTIONS = NO;
				ENABLE_STRICT_OBJC_MSGSEND = YES;
				ENABLE_USER_SCRIPT_SANDBOXING = YES;
				GCC_C_LANGUAGE_STANDARD = gnu17;
				GCC_NO_COMMON_BLOCKS = YES;
				GCC_WARN_64_TO_32_BIT_CONVERSION = YES;
				GCC_WARN_ABOUT_RETURN_TYPE = YES_ERROR;
				GCC_WARN_UNDECLARED_SELECTOR = YES;
				GCC_WARN_UNINITIALIZED_AUTOS = YES_AGGRESSIVE;
				GCC_WARN_UNUSED_FUNCTION = YES;
				GCC_WARN_UNUSED_VARIABLE = YES;
				IPHONEOS_DEPLOYMENT_TARGET = 17.0;
				LOCALIZATION_PREFERS_STRING_CATALOGS = YES;
				MTL_ENABLE_DEBUG_INFO = NO;
				MTL_FAST_MATH = YES;
				SDKROOT = iphoneos;
				SWIFT_COMPILATION_MODE = wholemodule;
				VALIDATE_PRODUCT = YES;
			};
			name = Release;
		};
		7F2FBBDB2B6483320044F214 /* Debug */ = {
			isa = XCBuildConfiguration;
			buildSettings = {
				ASSETCATALOG_COMPILER_APPICON_NAME = AppIcon;
				ASSETCATALOG_COMPILER_GLOBAL_ACCENT_COLOR_NAME = AccentColor;
				CODE_SIGN_STYLE = Automatic;
				CURRENT_PROJECT_VERSION = 1;
				GENERATE_INFOPLIST_FILE = YES;
				INFOPLIST_FILE = Pokedex/Info.plist;
				INFOPLIST_KEY_UIApplicationSupportsIndirectInputEvents = YES;
				INFOPLIST_KEY_UILaunchStoryboardName = LaunchScreen;
				INFOPLIST_KEY_UISupportedInterfaceOrientations_iPad = "UIInterfaceOrientationPortrait UIInterfaceOrientationPortraitUpsideDown UIInterfaceOrientationLandscapeLeft UIInterfaceOrientationLandscapeRight";
				INFOPLIST_KEY_UISupportedInterfaceOrientations_iPhone = "UIInterfaceOrientationPortrait UIInterfaceOrientationLandscapeLeft UIInterfaceOrientationLandscapeRight";
				LD_RUNPATH_SEARCH_PATHS = (
					"$(inherited)",
					"@executable_path/Frameworks",
				);
				MARKETING_VERSION = 1.0;
				PRODUCT_BUNDLE_IDENTIFIER = com.dave.Pokedex;
				PRODUCT_NAME = "$(TARGET_NAME)";
				SWIFT_EMIT_LOC_STRINGS = YES;
				SWIFT_VERSION = 5.0;
				TARGETED_DEVICE_FAMILY = "1,2";
			};
			name = Debug;
		};
		7F2FBBDC2B6483320044F214 /* Release */ = {
			isa = XCBuildConfiguration;
			buildSettings = {
				ASSETCATALOG_COMPILER_APPICON_NAME = AppIcon;
				ASSETCATALOG_COMPILER_GLOBAL_ACCENT_COLOR_NAME = AccentColor;
				CODE_SIGN_STYLE = Automatic;
				CURRENT_PROJECT_VERSION = 1;
				GENERATE_INFOPLIST_FILE = YES;
				INFOPLIST_FILE = Pokedex/Info.plist;
				INFOPLIST_KEY_UIApplicationSupportsIndirectInputEvents = YES;
				INFOPLIST_KEY_UILaunchStoryboardName = LaunchScreen;
				INFOPLIST_KEY_UISupportedInterfaceOrientations_iPad = "UIInterfaceOrientationPortrait UIInterfaceOrientationPortraitUpsideDown UIInterfaceOrientationLandscapeLeft UIInterfaceOrientationLandscapeRight";
				INFOPLIST_KEY_UISupportedInterfaceOrientations_iPhone = "UIInterfaceOrientationPortrait UIInterfaceOrientationLandscapeLeft UIInterfaceOrientationLandscapeRight";
				LD_RUNPATH_SEARCH_PATHS = (
					"$(inherited)",
					"@executable_path/Frameworks",
				);
				MARKETING_VERSION = 1.0;
				PRODUCT_BUNDLE_IDENTIFIER = com.dave.Pokedex;
				PRODUCT_NAME = "$(TARGET_NAME)";
				SWIFT_EMIT_LOC_STRINGS = YES;
				SWIFT_VERSION = 5.0;
				TARGETED_DEVICE_FAMILY = "1,2";
			};
			name = Release;
		};
/* End XCBuildConfiguration section */

/* Begin XCConfigurationList section */
		7F2FBBC12B6483300044F214 /* Build configuration list for PBXProject "Pokedex" */ = {
			isa = XCConfigurationList;
			buildConfigurations = (
				7F2FBBD82B6483320044F214 /* Debug */,
				7F2FBBD92B6483320044F214 /* Release */,
			);
			defaultConfigurationIsVisible = 0;
			defaultConfigurationName = Release;
		};
		7F2FBBDA2B6483320044F214 /* Build configuration list for PBXNativeTarget "Pokedex" */ = {
			isa = XCConfigurationList;
			buildConfigurations = (
				7F2FBBDB2B6483320044F214 /* Debug */,
				7F2FBBDC2B6483320044F214 /* Release */,
			);
			defaultConfigurationIsVisible = 0;
			defaultConfigurationName = Release;
		};
/* End XCConfigurationList section */

/* Begin XCRemoteSwiftPackageReference section */
		7F2FBBE42B6485F70044F214 /* XCRemoteSwiftPackageReference "Moya" */ = {
			isa = XCRemoteSwiftPackageReference;
			repositoryURL = "https://github.com/Moya/Moya.git";
			requirement = {
				kind = upToNextMajorVersion;
				minimumVersion = 15.0.3;
			};
		};
		7F2FBBF32B64BBB70044F214 /* XCRemoteSwiftPackageReference "Kingfisher" */ = {
			isa = XCRemoteSwiftPackageReference;
			repositoryURL = "https://github.com/onevcat/Kingfisher.git";
			requirement = {
				kind = upToNextMajorVersion;
				minimumVersion = 7.10.2;
			};
		};
/* End XCRemoteSwiftPackageReference section */

/* Begin XCSwiftPackageProductDependency section */
		7F2FBBE52B6485F70044F214 /* CombineMoya */ = {
			isa = XCSwiftPackageProductDependency;
			package = 7F2FBBE42B6485F70044F214 /* XCRemoteSwiftPackageReference "Moya" */;
			productName = CombineMoya;
		};
		7F2FBBE72B6485F70044F214 /* Moya */ = {
			isa = XCSwiftPackageProductDependency;
			package = 7F2FBBE42B6485F70044F214 /* XCRemoteSwiftPackageReference "Moya" */;
			productName = Moya;
		};
		7F2FBBE92B6485F70044F214 /* ReactiveMoya */ = {
			isa = XCSwiftPackageProductDependency;
			package = 7F2FBBE42B6485F70044F214 /* XCRemoteSwiftPackageReference "Moya" */;
			productName = ReactiveMoya;
		};
		7F2FBBEB2B6485F70044F214 /* RxMoya */ = {
			isa = XCSwiftPackageProductDependency;
			package = 7F2FBBE42B6485F70044F214 /* XCRemoteSwiftPackageReference "Moya" */;
			productName = RxMoya;
		};
		7F2FBBF42B64BBB70044F214 /* Kingfisher */ = {
			isa = XCSwiftPackageProductDependency;
			package = 7F2FBBF32B64BBB70044F214 /* XCRemoteSwiftPackageReference "Kingfisher" */;
			productName = Kingfisher;
		};
/* End XCSwiftPackageProductDependency section */
	};
	rootObject = 7F2FBBBE2B6483300044F214 /* Project object */;
}
